
Microsoft Visual Studio Solution File, Format Version 12.00
# Visual Studio Version 17
VisualStudioVersion = 17.8.34330.188
MinimumVisualStudioVersion = 10.0.40219.1
Project("{FAE04EC0-301F-11D3-BF4B-00C04F79EFBC}") = "SmartBank.API", "SmartBankAPI\SmartBank.API.csproj", "{B345F093-AB01-4573-BD98-4C8B32B38694}"
	ProjectSection(ProjectDependencies) = postProject
		{1334BBA2-5D2A-46E2-AAEA-2746B049EAF7} = {1334BBA2-5D2A-46E2-AAEA-2746B049EAF7}
		{E31CE654-D368-481D-AA63-455B2E70045E} = {E31CE654-D368-481D-AA63-455B2E70045E}
	EndProjectSection
EndProject
Project("{FAE04EC0-301F-11D3-BF4B-00C04F79EFBC}") = "SmartBank.BLL", "SmartBank.Application\SmartBank.BLL.csproj", "{1334BBA2-5D2A-46E2-AAEA-2746B049EAF7}"
EndProject
Project("{FAE04EC0-301F-11D3-BF4B-00C04F79EFBC}") = "SmartBank.DAL", "SmartBank.DAL\SmartBank.DAL.csproj", "{E31CE654-D368-481D-AA63-455B2E70045E}"
EndProject
Global
	GlobalSection(SolutionConfigurationPlatforms) = preSolution
		Debug|Any CPU = Debug|Any CPU
		Release|Any CPU = Release|Any CPU
	EndGlobalSection
	GlobalSection(ProjectConfigurationPlatforms) = postSolution
		{B345F093-AB01-4573-BD98-4C8B32B38694}.Debug|Any CPU.ActiveCfg = Debug|Any CPU
		{B345F093-AB01-4573-BD98-4C8B32B38694}.Debug|Any CPU.Build.0 = Debug|Any CPU
		{B345F093-AB01-4573-BD98-4C8B32B38694}.Release|Any CPU.ActiveCfg = Release|Any CPU
		{B345F093-AB01-4573-BD98-4C8B32B38694}.Release|Any CPU.Build.0 = Release|Any CPU
		{1334BBA2-5D2A-46E2-AAEA-2746B049EAF7}.Debug|Any CPU.ActiveCfg = Debug|Any CPU
		{1334BBA2-5D2A-46E2-AAEA-2746B049EAF7}.Debug|Any CPU.Build.0 = Debug|Any CPU
		{1334BBA2-5D2A-46E2-AAEA-2746B049EAF7}.Release|Any CPU.ActiveCfg = Release|Any CPU
		{1334BBA2-5D2A-46E2-AAEA-2746B049EAF7}.Release|Any CPU.Build.0 = Release|Any CPU
		{E31CE654-D368-481D-AA63-455B2E70045E}.Debug|Any CPU.ActiveCfg = Debug|Any CPU
		{E31CE654-D368-481D-AA63-455B2E70045E}.Debug|Any CPU.Build.0 = Debug|Any CPU
		{E31CE654-D368-481D-AA63-455B2E70045E}.Release|Any CPU.ActiveCfg = Release|Any CPU
		{E31CE654-D368-481D-AA63-455B2E70045E}.Release|Any CPU.Build.0 = Release|Any CPU
	EndGlobalSection
	GlobalSection(SolutionProperties) = preSolution
		HideSolutionNode = FALSE
	EndGlobalSection
	GlobalSection(ExtensibilityGlobals) = postSolution
		SolutionGuid = {53584858-3551-4982-A3DA-94308581890E}
	EndGlobalSection
EndGlobal
